
Microsoft Visual Studio Solution File, Format Version 12.00
# Visual Studio Version 17
VisualStudioVersion = 17.12.35707.178
MinimumVisualStudioVersion = 10.0.40219.1
Project("{FAE04EC0-301F-11D3-BF4B-00C04F79EFBC}") = "WealthTrack.API", "WealthTrackAPI\WealthTrack.API.csproj", "{0243F8C0-005B-461D-AA2C-6F6141A9852E}"
EndProject
Project("{FAE04EC0-301F-11D3-BF4B-00C04F79EFBC}") = "WealthTrack.Business", "WealthTrack.Business\WealthTrack.Business.csproj", "{E7E07DB5-8ACA-4CBD-B239-BDE83B85F575}"
EndProject
Project("{FAE04EC0-301F-11D3-BF4B-00C04F79EFBC}") = "WealthTrack.Data", "WealthTrack.Data\WealthTrack.Data.csproj", "{084FB303-F842-4EE5-9F7A-937BCC17E2D7}"
EndProject
Project("{FAE04EC0-301F-11D3-BF4B-00C04F79EFBC}") = "WealthTrack.Shared", "WealthTrack.Shared\WealthTrack.Shared.csproj", "{B014B161-3F0A-4717-83D3-158D4A8883CC}"
EndProject
Project("{FAE04EC0-301F-11D3-BF4B-00C04F79EFBC}") = "WealthTrack.IntegrationTests", "WealthTrack.IntegrationTests\WealthTrack.IntegrationTests.csproj", "{2761C4EC-8136-459A-831B-F11EE636E70E}"
EndProject
Global
	GlobalSection(SolutionConfigurationPlatforms) = preSolution
		Debug|Any CPU = Debug|Any CPU
		Release|Any CPU = Release|Any CPU
	EndGlobalSection
	GlobalSection(ProjectConfigurationPlatforms) = postSolution
		{0243F8C0-005B-461D-AA2C-6F6141A9852E}.Debug|Any CPU.ActiveCfg = Debug|Any CPU
		{0243F8C0-005B-461D-AA2C-6F6141A9852E}.Debug|Any CPU.Build.0 = Debug|Any CPU
		{0243F8C0-005B-461D-AA2C-6F6141A9852E}.Release|Any CPU.ActiveCfg = Release|Any CPU
		{0243F8C0-005B-461D-AA2C-6F6141A9852E}.Release|Any CPU.Build.0 = Release|Any CPU
		{E7E07DB5-8ACA-4CBD-B239-BDE83B85F575}.Debug|Any CPU.ActiveCfg = Debug|Any CPU
		{E7E07DB5-8ACA-4CBD-B239-BDE83B85F575}.Debug|Any CPU.Build.0 = Debug|Any CPU
		{E7E07DB5-8ACA-4CBD-B239-BDE83B85F575}.Release|Any CPU.ActiveCfg = Release|Any CPU
		{E7E07DB5-8ACA-4CBD-B239-BDE83B85F575}.Release|Any CPU.Build.0 = Release|Any CPU
		{084FB303-F842-4EE5-9F7A-937BCC17E2D7}.Debug|Any CPU.ActiveCfg = Debug|Any CPU
		{084FB303-F842-4EE5-9F7A-937BCC17E2D7}.Debug|Any CPU.Build.0 = Debug|Any CPU
		{084FB303-F842-4EE5-9F7A-937BCC17E2D7}.Release|Any CPU.ActiveCfg = Release|Any CPU
		{084FB303-F842-4EE5-9F7A-937BCC17E2D7}.Release|Any CPU.Build.0 = Release|Any CPU
		{B014B161-3F0A-4717-83D3-158D4A8883CC}.Debug|Any CPU.ActiveCfg = Debug|Any CPU
		{B014B161-3F0A-4717-83D3-158D4A8883CC}.Debug|Any CPU.Build.0 = Debug|Any CPU
		{B014B161-3F0A-4717-83D3-158D4A8883CC}.Release|Any CPU.ActiveCfg = Release|Any CPU
		{B014B161-3F0A-4717-83D3-158D4A8883CC}.Release|Any CPU.Build.0 = Release|Any CPU
		{2761C4EC-8136-459A-831B-F11EE636E70E}.Debug|Any CPU.ActiveCfg = Debug|Any CPU
		{2761C4EC-8136-459A-831B-F11EE636E70E}.Debug|Any CPU.Build.0 = Debug|Any CPU
		{2761C4EC-8136-459A-831B-F11EE636E70E}.Release|Any CPU.ActiveCfg = Release|Any CPU
		{2761C4EC-8136-459A-831B-F11EE636E70E}.Release|Any CPU.Build.0 = Release|Any CPU
	EndGlobalSection
	GlobalSection(SolutionProperties) = preSolution
		HideSolutionNode = FALSE
	EndGlobalSection
EndGlobal
